github.com/gorilla/websocket v1.4.1 h1:q7AeDBpnBk8AogcD4DSag/Ukw/KV+YhzLj2bP5HvKCM=
github.com/gorilla/websocket v1.4.1/go.mod h1:YR8l580nyteQvAITg2hZ9XVh4b55+EU/adAjf1fMHhE=
github.com/kylelemons/godebug v1.1.0 h1:RPNrshWIDI6G2gRW9EHilWtl7Z6Sb1BR0xunSBf0SNc=
github.com/kylelemons/godebug v1.1.0/go.mod h1:9/0rRGxNHcop5bhtWyNeEfOS8JIWk580+fNqagV/RAw=
github.com/monochromegane/go-gitignore v0.0.0-20200626010858-205db1a8cc00 h1:n6/2gBQ3RWajuToeY6ZtZTIKv2v7ThUy5KKusIT0yc0=
github.com/monochromegane/go-gitignore v0.0.0-20200626010858-205db1a8cc00/go.mod h1:Pm3mSP3c5uWn86xMLZ5Sa7JB9GsEZySvHYXCTK4E9q4=
github.com/sahilm/fuzzy v0.1.0 h1:FzWGaw2Opqyu+794ZQ9SYifWv2EIXpwP4q8dY1kDAwI=
github.com/sahilm/fuzzy v0.1.0/go.mod h1:VFvziUEIMCrT6A6tw2RFIXPXXmzXbOsSHF0DOI8ZK9Y=
github.com/saracen/walker v0.1.1 h1:Ou2QIKTWqo0QxhtuHVmtObbmhjMCEUyJ82xp0uV+MGI=
github.com/saracen/walker v0.1.1/go.mod h1:0oKYMsKVhSJ+ful4p/XbjvXbMgLEkLITZaxozsl4CGE=
github.com/sourcegraph/jsonrpc2 v0.0.0-20200429184054-15c2290dcb37 h1:marA1XQDC7N870zmSFIoHZpIUduK80USeY0Rkuflgp4=
github.com/sourcegraph/jsonrpc2 v0.0.0-20200429184054-15c2290dcb37/go.mod h1:ZafdZgk/axhT1cvZAPOhw+95nz2I/Ra5qMlU4gTRwIo=
github.com/traefik/yaegi v0.15.0 h1:ScDDfQXTT75rKvcsMcP84rOxHsZ8b6NiQJyGocGDB7g=
github.com/traefik/yaegi v0.15.0/go.mod h1:AVRxhaI2G+nUsaM1zyktzwXn69G3t/AuTDrCiTds9p0=
golang.org/x/sync v0.0.0-20200317015054-43a5402ce75a h1:WXEvlFVvvGxCJLG6REjsT03iWnKLEWinaScsxF2Vm2o=
golang.org/x/sync v0.0.0-20200317015054-43a5402ce75a/go.mod h1:RxMgew5VJxzue5/jJTE5uejpjVlOe/izrB70Jof72aM=
