github.com/containous/yaegi v0.7.4 h1:mdEQypyfFlnCvKci+kaPKvIb3CilkkN0ivd9rug+sKA=
github.com/containous/yaegi v0.7.4/go.mod h1:Yj82MHpXQ9/h3ukzc2numJQ/Wr4+M3C9YLMzNjFtd3o=
github.com/gorilla/websocket v1.4.1 h1:q7AeDBpnBk8AogcD4DSag/Ukw/KV+YhzLj2bP5HvKCM=
github.com/gorilla/websocket v1.4.1/go.mod h1:YR8l580nyteQvAITg2hZ9XVh4b55+EU/adAjf1fMHhE=
github.com/sahilm/fuzzy v0.1.0 h1:FzWGaw2Opqyu+794ZQ9SYifWv2EIXpwP4q8dY1kDAwI=
github.com/sahilm/fuzzy v0.1.0/go.mod h1:VFvziUEIMCrT6A6tw2RFIXPXXmzXbOsSHF0DOI8ZK9Y=
github.com/sourcegraph/jsonrpc2 v0.0.0-20191222043438-96c4efab7ee2 h1:5VGNYxMxzZ8Jb2bARgVl1DNg8vpcd9S8b4MbbjWQ8/w=
github.com/sourcegraph/jsonrpc2 v0.0.0-20191222043438-96c4efab7ee2/go.mod h1:ZafdZgk/axhT1cvZAPOhw+95nz2I/Ra5qMlU4gTRwIo=
